// !$*UTF8*$!
{
	archiveVersion = 1;
	classes = {
	};
	objectVersion = 46;
	objects = {

/* Begin PBXBuildFile section */
		6BBB1DF3164A670900D0BBFF /* main.cpp in Sources */ = {isa = PBXBuildFile; fileRef = 6BBB1DF2164A670900D0BBFF /* main.cpp */; };
		6BBB1E09164A675B00D0BBFF /* BVHObject.cpp in Sources */ = {isa = PBXBuildFile; fileRef = 6BBB1E08164A675B00D0BBFF /* BVHObject.cpp */; };
		6BBB1E0D164A6B7C00D0BBFF /* GLUT.framework in Frameworks */ = {isa = PBXBuildFile; fileRef = 6BBB1E0B164A6B7C00D0BBFF /* GLUT.framework */; };
		6BBB1E0E164A6B7C00D0BBFF /* OpenGL.framework in Frameworks */ = {isa = PBXBuildFile; fileRef = 6BBB1E0C164A6B7C00D0BBFF /* OpenGL.framework */; };
		6BBB1E10164A6DE800D0BBFF /* sample.bvh in CopyFiles */ = {isa = PBXBuildFile; fileRef = 6BBB1E0F164A6DD800D0BBFF /* sample.bvh */; };
/* End PBXBuildFile section */

/* Begin PBXCopyFilesBuildPhase section */
		6BBB1DEC164A670900D0BBFF /* CopyFiles */ = {
			isa = PBXCopyFilesBuildPhase;
			buildActionMask = 12;
			dstPath = "";
			dstSubfolderSpec = 16;
			files = (
				6BBB1E10164A6DE800D0BBFF /* sample.bvh in CopyFiles */,
			);
			runOnlyForDeploymentPostprocessing = 0;
		};
/* End PBXCopyFilesBuildPhase section */

/* Begin PBXFileReference section */
		6BBB1DEE164A670900D0BBFF /* BVH Viewer */ = {isa = PBXFileReference; explicitFileType = "compiled.mach-o.executable"; includeInIndex = 0; path = "BVH Viewer"; sourceTree = BUILT_PRODUCTS_DIR; };
		6BBB1DF2164A670900D0BBFF /* main.cpp */ = {isa = PBXFileReference; lastKnownFileType = sourcecode.cpp.cpp; path = main.cpp; sourceTree = "<group>"; };
		6BBB1E05164A674C00D0BBFF /* BVHObject.h */ = {isa = PBXFileReference; lastKnownFileType = sourcecode.c.h; path = BVHObject.h; sourceTree = "<group>"; };
		6BBB1E06164A675200D0BBFF /* Joint.h */ = {isa = PBXFileReference; lastKnownFileType = sourcecode.c.h; path = Joint.h; sourceTree = "<group>"; };
		6BBB1E07164A675700D0BBFF /* Channel.h */ = {isa = PBXFileReference; lastKnownFileType = sourcecode.c.h; path = Channel.h; sourceTree = "<group>"; };
		6BBB1E08164A675B00D0BBFF /* BVHObject.cpp */ = {isa = PBXFileReference; fileEncoding = 4; lastKnownFileType = sourcecode.cpp.cpp; path = BVHObject.cpp; sourceTree = "<group>"; };
		6BBB1E0A164A676500D0BBFF /* Vector3.h */ = {isa = PBXFileReference; lastKnownFileType = sourcecode.c.h; path = Vector3.h; sourceTree = "<group>"; };
		6BBB1E0B164A6B7C00D0BBFF /* GLUT.framework */ = {isa = PBXFileReference; lastKnownFileType = wrapper.framework; name = GLUT.framework; path = System/Library/Frameworks/GLUT.framework; sourceTree = SDKROOT; };
		6BBB1E0C164A6B7C00D0BBFF /* OpenGL.framework */ = {isa = PBXFileReference; lastKnownFileType = wrapper.framework; name = OpenGL.framework; path = System/Library/Frameworks/OpenGL.framework; sourceTree = SDKROOT; };
		6BBB1E0F164A6DD800D0BBFF /* sample.bvh */ = {isa = PBXFileReference; lastKnownFileType = text; path = sample.bvh; sourceTree = "<group>"; };
/* End PBXFileReference section */

/* Begin PBXFrameworksBuildPhase section */
		6BBB1DEB164A670900D0BBFF /* Frameworks */ = {
			isa = PBXFrameworksBuildPhase;
			buildActionMask = 2147483647;
			files = (
				6BBB1E0D164A6B7C00D0BBFF /* GLUT.framework in Frameworks */,
				6BBB1E0E164A6B7C00D0BBFF /* OpenGL.framework in Frameworks */,
			);
			runOnlyForDeploymentPostprocessing = 0;
		};
/* End PBXFrameworksBuildPhase section */

/* Begin PBXGroup section */
		6BBB1DE3164A670800D0BBFF = {
			isa = PBXGroup;
			children = (
				6BBB1E0B164A6B7C00D0BBFF /* GLUT.framework */,
				6BBB1E0C164A6B7C00D0BBFF /* OpenGL.framework */,
				6BBB1DF1164A670900D0BBFF /* BVH Viewer */,
				6BBB1DEF164A670900D0BBFF /* Products */,
			);
			sourceTree = "<group>";
		};
		6BBB1DEF164A670900D0BBFF /* Products */ = {
			isa = PBXGroup;
			children = (
				6BBB1DEE164A670900D0BBFF /* BVH Viewer */,
			);
			name = Products;
			sourceTree = "<group>";
		};
		6BBB1DF1164A670900D0BBFF /* BVH Viewer */ = {
			isa = PBXGroup;
			children = (
				6BBB1E07164A675700D0BBFF /* Channel.h */,
				6BBB1E06164A675200D0BBFF /* Joint.h */,
				6BBB1E05164A674C00D0BBFF /* BVHObject.h */,
				6BBB1E08164A675B00D0BBFF /* BVHObject.cpp */,
				6BBB1E0A164A676500D0BBFF /* Vector3.h */,
				6BBB1DF2164A670900D0BBFF /* main.cpp */,
				6BBB1E0F164A6DD800D0BBFF /* sample.bvh */,
			);
			path = "BVH Viewer";
			sourceTree = "<group>";
		};
/* End PBXGroup section */

/* Begin PBXNativeTarget section */
		6BBB1DED164A670900D0BBFF /* BVH Viewer */ = {
			isa = PBXNativeTarget;
			buildConfigurationList = 6BBB1DF8164A670900D0BBFF /* Build configuration list for PBXNativeTarget "BVH Viewer" */;
			buildPhases = (
				6BBB1DEA164A670900D0BBFF /* Sources */,
				6BBB1DEB164A670900D0BBFF /* Frameworks */,
				6BBB1DEC164A670900D0BBFF /* CopyFiles */,
			);
			buildRules = (
			);
			dependencies = (
			);
			name = "BVH Viewer";
			productName = "BVH Viewer";
			productReference = 6BBB1DEE164A670900D0BBFF /* BVH Viewer */;
			productType = "com.apple.product-type.tool";
		};
/* End PBXNativeTarget section */

/* Begin PBXProject section */
		6BBB1DE5164A670800D0BBFF /* Project object */ = {
			isa = PBXProject;
			attributes = {
				LastUpgradeCheck = 0450;
				ORGANIZATIONNAME = "Yuki Koyama";
			};
			buildConfigurationList = 6BBB1DE8164A670800D0BBFF /* Build configuration list for PBXProject "BVH Viewer" */;
			compatibilityVersion = "Xcode 3.2";
			developmentRegion = English;
			hasScannedForEncodings = 0;
			knownRegions = (
				en,
			);
			mainGroup = 6BBB1DE3164A670800D0BBFF;
			productRefGroup = 6BBB1DEF164A670900D0BBFF /* Products */;
			projectDirPath = "";
			projectRoot = "";
			targets = (
				6BBB1DED164A670900D0BBFF /* BVH Viewer */,
			);
		};
/* End PBXProject section */

/* Begin PBXSourcesBuildPhase section */
		6BBB1DEA164A670900D0BBFF /* Sources */ = {
			isa = PBXSourcesBuildPhase;
			buildActionMask = 2147483647;
			files = (
				6BBB1DF3164A670900D0BBFF /* main.cpp in Sources */,
				6BBB1E09164A675B00D0BBFF /* BVHObject.cpp in Sources */,
			);
			runOnlyForDeploymentPostprocessing = 0;
		};
/* End PBXSourcesBuildPhase section */

/* Begin XCBuildConfiguration section */
		6BBB1DF6164A670900D0BBFF /* Debug */ = {
			isa = XCBuildConfiguration;
			buildSettings = {
				ALWAYS_SEARCH_USER_PATHS = NO;
				ARCHS = "$(ARCHS_STANDARD_64_BIT)";
				CLANG_CXX_LANGUAGE_STANDARD = "gnu++0x";
				CLANG_CXX_LIBRARY = "libc++";
				CLANG_WARN_EMPTY_BODY = YES;
				CLANG_WARN__DUPLICATE_METHOD_MATCH = YES;
				COPY_PHASE_STRIP = NO;
				GCC_C_LANGUAGE_STANDARD = gnu99;
				GCC_DYNAMIC_NO_PIC = NO;
				GCC_ENABLE_OBJC_EXCEPTIONS = YES;
				GCC_OPTIMIZATION_LEVEL = 0;
				GCC_PREPROCESSOR_DEFINITIONS = (
					"DEBUG=1",
					"$(inherited)",
				);
				GCC_SYMBOLS_PRIVATE_EXTERN = NO;
				GCC_WARN_64_TO_32_BIT_CONVERSION = YES;
				GCC_WARN_ABOUT_RETURN_TYPE = YES;
				GCC_WARN_UNINITIALIZED_AUTOS = YES;
				GCC_WARN_UNUSED_VARIABLE = YES;
				MACOSX_DEPLOYMENT_TARGET = 10.8;
				ONLY_ACTIVE_ARCH = YES;
				SDKROOT = macosx;
			};
			name = Debug;
		};
		6BBB1DF7164A670900D0BBFF /* Release */ = {
			isa = XCBuildConfiguration;
			buildSettings = {
				ALWAYS_SEARCH_USER_PATHS = NO;
				ARCHS = "$(ARCHS_STANDARD_64_BIT)";
				CLANG_CXX_LANGUAGE_STANDARD = "gnu++0x";
				CLANG_CXX_LIBRARY = "libc++";
				CLANG_WARN_EMPTY_BODY = YES;
				CLANG_WARN__DUPLICATE_METHOD_MATCH = YES;
				COPY_PHASE_STRIP = YES;
				DEBUG_INFORMATION_FORMAT = "dwarf-with-dsym";
				GCC_C_LANGUAGE_STANDARD = gnu99;
				GCC_ENABLE_OBJC_EXCEPTIONS = YES;
				GCC_WARN_64_TO_32_BIT_CONVERSION = YES;
				GCC_WARN_ABOUT_RETURN_TYPE = YES;
				GCC_WARN_UNINITIALIZED_AUTOS = YES;
				GCC_WARN_UNUSED_VARIABLE = YES;
				MACOSX_DEPLOYMENT_TARGET = 10.8;
				SDKROOT = macosx;
			};
			name = Release;
		};
		6BBB1DF9164A670900D0BBFF /* Debug */ = {
			isa = XCBuildConfiguration;
			buildSettings = {
				PRODUCT_NAME = "$(TARGET_NAME)";
			};
			name = Debug;
		};
		6BBB1DFA164A670900D0BBFF /* Release */ = {
			isa = XCBuildConfiguration;
			buildSettings = {
				PRODUCT_NAME = "$(TARGET_NAME)";
			};
			name = Release;
		};
/* End XCBuildConfiguration section */

/* Begin XCConfigurationList section */
		6BBB1DE8164A670800D0BBFF /* Build configuration list for PBXProject "BVH Viewer" */ = {
			isa = XCConfigurationList;
			buildConfigurations = (
				6BBB1DF6164A670900D0BBFF /* Debug */,
				6BBB1DF7164A670900D0BBFF /* Release */,
			);
			defaultConfigurationIsVisible = 0;
			defaultConfigurationName = Release;
		};
		6BBB1DF8164A670900D0BBFF /* Build configuration list for PBXNativeTarget "BVH Viewer" */ = {
			isa = XCConfigurationList;
			buildConfigurations = (
				6BBB1DF9164A670900D0BBFF /* Debug */,
				6BBB1DFA164A670900D0BBFF /* Release */,
			);
			defaultConfigurationIsVisible = 0;
		};
/* End XCConfigurationList section */
	};
	rootObject = 6BBB1DE5164A670800D0BBFF /* Project object */;
}
